
Microsoft Visual Studio Solution File, Format Version 12.00
# Visual Studio Version 17
VisualStudioVersion = 17.12.35707.178
MinimumVisualStudioVersion = 10.0.40219.1
Project("{FAE04EC0-301F-11D3-BF4B-00C04F79EFBC}") = "AIHackathon", "AIHackathon\AIHackathon.csproj", "{09028C13-78A3-4F88-9DFC-9439B0386252}"
EndProject
Global
	GlobalSection(SolutionConfigurationPlatforms) = preSolution
		Debug|Any CPU = Debug|Any CPU
		DebugTest|Any CPU = DebugTest|Any CPU
		DebugTestModel|Any CPU = DebugTestModel|Any CPU
		Release|Any CPU = Release|Any CPU
	EndGlobalSection
	GlobalSection(ProjectConfigurationPlatforms) = postSolution
		{09028C13-78A3-4F88-9DFC-9439B0386252}.Debug|Any CPU.ActiveCfg = Debug|Any CPU
		{09028C13-78A3-4F88-9DFC-9439B0386252}.Debug|Any CPU.Build.0 = Debug|Any CPU
		{09028C13-78A3-4F88-9DFC-9439B0386252}.DebugTest|Any CPU.ActiveCfg = DebugTest|Any CPU
		{09028C13-78A3-4F88-9DFC-9439B0386252}.DebugTest|Any CPU.Build.0 = DebugTest|Any CPU
		{09028C13-78A3-4F88-9DFC-9439B0386252}.DebugTestModel|Any CPU.ActiveCfg = DebugTestModel|Any CPU
		{09028C13-78A3-4F88-9DFC-9439B0386252}.DebugTestModel|Any CPU.Build.0 = DebugTestModel|Any CPU
		{09028C13-78A3-4F88-9DFC-9439B0386252}.Release|Any CPU.ActiveCfg = Release|Any CPU
		{09028C13-78A3-4F88-9DFC-9439B0386252}.Release|Any CPU.Build.0 = Release|Any CPU
	EndGlobalSection
	GlobalSection(SolutionProperties) = preSolution
		HideSolutionNode = FALSE
	EndGlobalSection
	GlobalSection(ExtensibilityGlobals) = postSolution
		SolutionGuid = {491D05F7-7FE1-4E64-9FD3-8D44CFBC051A}
	EndGlobalSection
EndGlobal
