
Microsoft Visual Studio Solution File, Format Version 12.00
# Visual Studio Version 17
VisualStudioVersion = 17.12.35514.174
MinimumVisualStudioVersion = 10.0.40219.1
Project("{FAE04EC0-301F-11D3-BF4B-00C04F79EFBC}") = "AIHackathon", "AIHackathon\AIHackathon.csproj", "{5BCE2F7F-7A36-4ACA-A4D5-8B83A180F970}"
EndProject
Project("{FAE04EC0-301F-11D3-BF4B-00C04F79EFBC}") = "OneBot", "OneBot\OneBot.Core\OneBot.csproj", "{404BAF66-C7C9-4D72-81C8-A788970CF1AB}"
EndProject
Project("{FAE04EC0-301F-11D3-BF4B-00C04F79EFBC}") = "OneBot.Tg", "OneBot\OneBot.Telegram\OneBot.Tg.csproj", "{C242F2C9-F492-4F65-9645-DE9FDE70D3B2}"
EndProject
Project("{FAE04EC0-301F-11D3-BF4B-00C04F79EFBC}") = "OneBot.SpamBroker", "OneBot\OneBot.SpamBroker\OneBot.SpamBroker.csproj", "{E8CAFD13-DDDF-4A08-B025-7B812A9092CA}"
EndProject
Project("{FAE04EC0-301F-11D3-BF4B-00C04F79EFBC}") = "AIHackathon.StressTest", "AIHackathon.StressTest\AIHackathon.StressTest.csproj", "{51D8FFB9-F83A-4A58-AFD8-F3F8732BC371}"
EndProject
Global
	GlobalSection(SolutionConfigurationPlatforms) = preSolution
		Debug|Any CPU = Debug|Any CPU
		Debug|x64 = Debug|x64
		Debug|x86 = Debug|x86
		Release|Any CPU = Release|Any CPU
		Release|x64 = Release|x64
		Release|x86 = Release|x86
	EndGlobalSection
	GlobalSection(ProjectConfigurationPlatforms) = postSolution
		{5BCE2F7F-7A36-4ACA-A4D5-8B83A180F970}.Debug|Any CPU.ActiveCfg = Debug|Any CPU
		{5BCE2F7F-7A36-4ACA-A4D5-8B83A180F970}.Debug|Any CPU.Build.0 = Debug|Any CPU
		{5BCE2F7F-7A36-4ACA-A4D5-8B83A180F970}.Debug|x64.ActiveCfg = Debug|Any CPU
		{5BCE2F7F-7A36-4ACA-A4D5-8B83A180F970}.Debug|x64.Build.0 = Debug|Any CPU
		{5BCE2F7F-7A36-4ACA-A4D5-8B83A180F970}.Debug|x86.ActiveCfg = Debug|Any CPU
		{5BCE2F7F-7A36-4ACA-A4D5-8B83A180F970}.Debug|x86.Build.0 = Debug|Any CPU
		{5BCE2F7F-7A36-4ACA-A4D5-8B83A180F970}.Release|Any CPU.ActiveCfg = Release|Any CPU
		{5BCE2F7F-7A36-4ACA-A4D5-8B83A180F970}.Release|Any CPU.Build.0 = Release|Any CPU
		{5BCE2F7F-7A36-4ACA-A4D5-8B83A180F970}.Release|x64.ActiveCfg = Release|Any CPU
		{5BCE2F7F-7A36-4ACA-A4D5-8B83A180F970}.Release|x64.Build.0 = Release|Any CPU
		{5BCE2F7F-7A36-4ACA-A4D5-8B83A180F970}.Release|x86.ActiveCfg = Release|Any CPU
		{5BCE2F7F-7A36-4ACA-A4D5-8B83A180F970}.Release|x86.Build.0 = Release|Any CPU
		{404BAF66-C7C9-4D72-81C8-A788970CF1AB}.Debug|Any CPU.ActiveCfg = Debug|Any CPU
		{404BAF66-C7C9-4D72-81C8-A788970CF1AB}.Debug|Any CPU.Build.0 = Debug|Any CPU
		{404BAF66-C7C9-4D72-81C8-A788970CF1AB}.Debug|x64.ActiveCfg = Debug|Any CPU
		{404BAF66-C7C9-4D72-81C8-A788970CF1AB}.Debug|x64.Build.0 = Debug|Any CPU
		{404BAF66-C7C9-4D72-81C8-A788970CF1AB}.Debug|x86.ActiveCfg = Debug|Any CPU
		{404BAF66-C7C9-4D72-81C8-A788970CF1AB}.Debug|x86.Build.0 = Debug|Any CPU
		{404BAF66-C7C9-4D72-81C8-A788970CF1AB}.Release|Any CPU.ActiveCfg = Release|Any CPU
		{404BAF66-C7C9-4D72-81C8-A788970CF1AB}.Release|Any CPU.Build.0 = Release|Any CPU
		{404BAF66-C7C9-4D72-81C8-A788970CF1AB}.Release|x64.ActiveCfg = Release|Any CPU
		{404BAF66-C7C9-4D72-81C8-A788970CF1AB}.Release|x64.Build.0 = Release|Any CPU
		{404BAF66-C7C9-4D72-81C8-A788970CF1AB}.Release|x86.ActiveCfg = Release|Any CPU
		{404BAF66-C7C9-4D72-81C8-A788970CF1AB}.Release|x86.Build.0 = Release|Any CPU
		{C242F2C9-F492-4F65-9645-DE9FDE70D3B2}.Debug|Any CPU.ActiveCfg = Debug|Any CPU
		{C242F2C9-F492-4F65-9645-DE9FDE70D3B2}.Debug|Any CPU.Build.0 = Debug|Any CPU
		{C242F2C9-F492-4F65-9645-DE9FDE70D3B2}.Debug|x64.ActiveCfg = Debug|Any CPU
		{C242F2C9-F492-4F65-9645-DE9FDE70D3B2}.Debug|x64.Build.0 = Debug|Any CPU
		{C242F2C9-F492-4F65-9645-DE9FDE70D3B2}.Debug|x86.ActiveCfg = Debug|Any CPU
		{C242F2C9-F492-4F65-9645-DE9FDE70D3B2}.Debug|x86.Build.0 = Debug|Any CPU
		{C242F2C9-F492-4F65-9645-DE9FDE70D3B2}.Release|Any CPU.ActiveCfg = Release|Any CPU
		{C242F2C9-F492-4F65-9645-DE9FDE70D3B2}.Release|Any CPU.Build.0 = Release|Any CPU
		{C242F2C9-F492-4F65-9645-DE9FDE70D3B2}.Release|x64.ActiveCfg = Release|Any CPU
		{C242F2C9-F492-4F65-9645-DE9FDE70D3B2}.Release|x64.Build.0 = Release|Any CPU
		{C242F2C9-F492-4F65-9645-DE9FDE70D3B2}.Release|x86.ActiveCfg = Release|Any CPU
		{C242F2C9-F492-4F65-9645-DE9FDE70D3B2}.Release|x86.Build.0 = Release|Any CPU
		{E8CAFD13-DDDF-4A08-B025-7B812A9092CA}.Debug|Any CPU.ActiveCfg = Debug|Any CPU
		{E8CAFD13-DDDF-4A08-B025-7B812A9092CA}.Debug|Any CPU.Build.0 = Debug|Any CPU
		{E8CAFD13-DDDF-4A08-B025-7B812A9092CA}.Debug|x64.ActiveCfg = Debug|Any CPU
		{E8CAFD13-DDDF-4A08-B025-7B812A9092CA}.Debug|x64.Build.0 = Debug|Any CPU
		{E8CAFD13-DDDF-4A08-B025-7B812A9092CA}.Debug|x86.ActiveCfg = Debug|Any CPU
		{E8CAFD13-DDDF-4A08-B025-7B812A9092CA}.Debug|x86.Build.0 = Debug|Any CPU
		{E8CAFD13-DDDF-4A08-B025-7B812A9092CA}.Release|Any CPU.ActiveCfg = Release|Any CPU
		{E8CAFD13-DDDF-4A08-B025-7B812A9092CA}.Release|Any CPU.Build.0 = Release|Any CPU
		{E8CAFD13-DDDF-4A08-B025-7B812A9092CA}.Release|x64.ActiveCfg = Release|Any CPU
		{E8CAFD13-DDDF-4A08-B025-7B812A9092CA}.Release|x64.Build.0 = Release|Any CPU
		{E8CAFD13-DDDF-4A08-B025-7B812A9092CA}.Release|x86.ActiveCfg = Release|Any CPU
		{E8CAFD13-DDDF-4A08-B025-7B812A9092CA}.Release|x86.Build.0 = Release|Any CPU
		{51D8FFB9-F83A-4A58-AFD8-F3F8732BC371}.Debug|Any CPU.ActiveCfg = Debug|Any CPU
		{51D8FFB9-F83A-4A58-AFD8-F3F8732BC371}.Debug|Any CPU.Build.0 = Debug|Any CPU
		{51D8FFB9-F83A-4A58-AFD8-F3F8732BC371}.Debug|x64.ActiveCfg = Debug|Any CPU
		{51D8FFB9-F83A-4A58-AFD8-F3F8732BC371}.Debug|x64.Build.0 = Debug|Any CPU
		{51D8FFB9-F83A-4A58-AFD8-F3F8732BC371}.Debug|x86.ActiveCfg = Debug|Any CPU
		{51D8FFB9-F83A-4A58-AFD8-F3F8732BC371}.Debug|x86.Build.0 = Debug|Any CPU
		{51D8FFB9-F83A-4A58-AFD8-F3F8732BC371}.Release|Any CPU.ActiveCfg = Release|Any CPU
		{51D8FFB9-F83A-4A58-AFD8-F3F8732BC371}.Release|Any CPU.Build.0 = Release|Any CPU
		{51D8FFB9-F83A-4A58-AFD8-F3F8732BC371}.Release|x64.ActiveCfg = Release|Any CPU
		{51D8FFB9-F83A-4A58-AFD8-F3F8732BC371}.Release|x64.Build.0 = Release|Any CPU
		{51D8FFB9-F83A-4A58-AFD8-F3F8732BC371}.Release|x86.ActiveCfg = Release|Any CPU
		{51D8FFB9-F83A-4A58-AFD8-F3F8732BC371}.Release|x86.Build.0 = Release|Any CPU
	EndGlobalSection
	GlobalSection(SolutionProperties) = preSolution
		HideSolutionNode = FALSE
	EndGlobalSection
EndGlobal
